
Microsoft Visual Studio Solution File, Format Version 12.00
# Visual Studio Version 17
VisualStudioVersion = 17.4.33213.308
MinimumVisualStudioVersion = 10.0.40219.1
Project("{FAE04EC0-301F-11D3-BF4B-00C04F79EFBC}") = "ValueTuple", "ValueTuple\ValueTuple.csproj", "{3F5BA505-F725-496D-A8F8-20FB14FC38AB}"
EndProject
Global
	GlobalSection(SolutionConfigurationPlatforms) = preSolution
		Debug|Any CPU = Debug|Any CPU
		Release|Any CPU = Release|Any CPU
	EndGlobalSection
	GlobalSection(ProjectConfigurationPlatforms) = postSolution
		{3F5BA505-F725-496D-A8F8-20FB14FC38AB}.Debug|Any CPU.ActiveCfg = Debug|Any CPU
		{3F5BA505-F725-496D-A8F8-20FB14FC38AB}.Debug|Any CPU.Build.0 = Debug|Any CPU
		{3F5BA505-F725-496D-A8F8-20FB14FC38AB}.Release|Any CPU.ActiveCfg = Release|Any CPU
		{3F5BA505-F725-496D-A8F8-20FB14FC38AB}.Release|Any CPU.Build.0 = Release|Any CPU
	EndGlobalSection
	GlobalSection(SolutionProperties) = preSolution
		HideSolutionNode = FALSE
	EndGlobalSection
	GlobalSection(ExtensibilityGlobals) = postSolution
		SolutionGuid = {304AD086-C182-44D7-BD7F-FAF5EE4DDFA0}
	EndGlobalSection
EndGlobal
