
Microsoft Visual Studio Solution File, Format Version 12.00
# Visual Studio Version 17
VisualStudioVersion = 17.4.33213.308
MinimumVisualStudioVersion = 10.0.40219.1
Project("{FAE04EC0-301F-11D3-BF4B-00C04F79EFBC}") = "Switch harjutus", "Switch harjutus\Switch harjutus.csproj", "{7FB7D1B9-27ED-41F6-90CA-881F334560A4}"
EndProject
Global
	GlobalSection(SolutionConfigurationPlatforms) = preSolution
		Debug|Any CPU = Debug|Any CPU
		Release|Any CPU = Release|Any CPU
	EndGlobalSection
	GlobalSection(ProjectConfigurationPlatforms) = postSolution
		{7FB7D1B9-27ED-41F6-90CA-881F334560A4}.Debug|Any CPU.ActiveCfg = Debug|Any CPU
		{7FB7D1B9-27ED-41F6-90CA-881F334560A4}.Debug|Any CPU.Build.0 = Debug|Any CPU
		{7FB7D1B9-27ED-41F6-90CA-881F334560A4}.Release|Any CPU.ActiveCfg = Release|Any CPU
		{7FB7D1B9-27ED-41F6-90CA-881F334560A4}.Release|Any CPU.Build.0 = Release|Any CPU
	EndGlobalSection
	GlobalSection(SolutionProperties) = preSolution
		HideSolutionNode = FALSE
	EndGlobalSection
	GlobalSection(ExtensibilityGlobals) = postSolution
		SolutionGuid = {A291C377-3AE1-4653-A58C-61CC64393728}
	EndGlobalSection
EndGlobal
